
Microsoft Visual Studio Solution File, Format Version 12.00
# Visual Studio Version 16
VisualStudioVersion = 16.0.30225.117
MinimumVisualStudioVersion = 10.0.40219.1
Project("{FAE04EC0-301F-11D3-BF4B-00C04F79EFBC}") = "SafeClient", "SafeClient\SafeClient.csproj", "{222EE17E-A66F-499F-8747-13E5F3963615}"
EndProject
Project("{FAE04EC0-301F-11D3-BF4B-00C04F79EFBC}") = "SafeServer", "SafeServer\SafeServer.csproj", "{A8E71F31-44A8-46AC-8044-E8106F5514C1}"
EndProject
Project("{FAE04EC0-301F-11D3-BF4B-00C04F79EFBC}") = "Server", "Server\Server.csproj", "{565FBFCD-EF18-4099-8028-ACDDA7B30D7B}"
EndProject
Global
	GlobalSection(SolutionConfigurationPlatforms) = preSolution
		Debug|Any CPU = Debug|Any CPU
		Release|Any CPU = Release|Any CPU
	EndGlobalSection
	GlobalSection(ProjectConfigurationPlatforms) = postSolution
		{222EE17E-A66F-499F-8747-13E5F3963615}.Debug|Any CPU.ActiveCfg = Debug|Any CPU
		{222EE17E-A66F-499F-8747-13E5F3963615}.Debug|Any CPU.Build.0 = Debug|Any CPU
		{222EE17E-A66F-499F-8747-13E5F3963615}.Release|Any CPU.ActiveCfg = Release|Any CPU
		{222EE17E-A66F-499F-8747-13E5F3963615}.Release|Any CPU.Build.0 = Release|Any CPU
		{A8E71F31-44A8-46AC-8044-E8106F5514C1}.Debug|Any CPU.ActiveCfg = Debug|Any CPU
		{A8E71F31-44A8-46AC-8044-E8106F5514C1}.Debug|Any CPU.Build.0 = Debug|Any CPU
		{A8E71F31-44A8-46AC-8044-E8106F5514C1}.Release|Any CPU.ActiveCfg = Release|Any CPU
		{A8E71F31-44A8-46AC-8044-E8106F5514C1}.Release|Any CPU.Build.0 = Release|Any CPU
		{565FBFCD-EF18-4099-8028-ACDDA7B30D7B}.Debug|Any CPU.ActiveCfg = Debug|Any CPU
		{565FBFCD-EF18-4099-8028-ACDDA7B30D7B}.Debug|Any CPU.Build.0 = Debug|Any CPU
		{565FBFCD-EF18-4099-8028-ACDDA7B30D7B}.Release|Any CPU.ActiveCfg = Release|Any CPU
		{565FBFCD-EF18-4099-8028-ACDDA7B30D7B}.Release|Any CPU.Build.0 = Release|Any CPU
	EndGlobalSection
	GlobalSection(SolutionProperties) = preSolution
		HideSolutionNode = FALSE
	EndGlobalSection
	GlobalSection(ExtensibilityGlobals) = postSolution
		SolutionGuid = {F0B7C723-38D0-4954-B91F-56DC25D5D4CE}
	EndGlobalSection
EndGlobal
